
Microsoft Visual Studio Solution File, Format Version 12.00
# Visual Studio Version 17
VisualStudioVersion = 17.0.31903.59
MinimumVisualStudioVersion = 10.0.40219.1
Project("{2150E333-8FDC-42A3-9474-1A3956D46DE8}") = "shared", "shared", "{2A9F5DB1-34E2-454E-B2B2-38412DE86BE8}"
EndProject
Project("{FAE04EC0-301F-11D3-BF4B-00C04F79EFBC}") = "Bamboo.Shared.Common", "..\shared\common\Bamboo.Shared.Common\Bamboo.Shared.Common.csproj", "{4A0C3642-319C-4FED-ABD4-89C19D47B23F}"
EndProject
Project("{FAE04EC0-301F-11D3-BF4B-00C04F79EFBC}") = "Bamboo.Admin.Domain.Shared", "..\shared\admin\Bamboo.Admin.Domain.Shared\Bamboo.Admin.Domain.Shared.csproj", "{ABBDDB2B-316B-4769-99B4-542E9C748943}"
EndProject
Project("{FAE04EC0-301F-11D3-BF4B-00C04F79EFBC}") = "Bamboo.Admin.Application.Contracts", "..\shared\admin\Bamboo.Admin.Application.Contracts\Bamboo.Admin.Application.Contracts.csproj", "{F310265A-E316-4865-9EA4-54105CEA8B61}"
EndProject
Project("{FAE04EC0-301F-11D3-BF4B-00C04F79EFBC}") = "Bamboo.Admin.HttpApi.Client", "..\shared\admin\Bamboo.Admin.HttpApi.Client\Bamboo.Admin.HttpApi.Client.csproj", "{7F4EBDBA-83A8-4CCB-9F05-6F6D341B8783}"
EndProject
Project("{FAE04EC0-301F-11D3-BF4B-00C04F79EFBC}") = "Bamboo.BlazorServer", "Bamboo.BlazorServer\Bamboo.BlazorServer.csproj", "{F97FC399-1501-4F0B-91F4-D156F5FC915A}"
EndProject
Global
	GlobalSection(SolutionConfigurationPlatforms) = preSolution
		Debug|Any CPU = Debug|Any CPU
		Release|Any CPU = Release|Any CPU
	EndGlobalSection
	GlobalSection(SolutionProperties) = preSolution
		HideSolutionNode = FALSE
	EndGlobalSection
	GlobalSection(ProjectConfigurationPlatforms) = postSolution
		{4A0C3642-319C-4FED-ABD4-89C19D47B23F}.Debug|Any CPU.ActiveCfg = Debug|Any CPU
		{4A0C3642-319C-4FED-ABD4-89C19D47B23F}.Debug|Any CPU.Build.0 = Debug|Any CPU
		{4A0C3642-319C-4FED-ABD4-89C19D47B23F}.Release|Any CPU.ActiveCfg = Release|Any CPU
		{4A0C3642-319C-4FED-ABD4-89C19D47B23F}.Release|Any CPU.Build.0 = Release|Any CPU
		{ABBDDB2B-316B-4769-99B4-542E9C748943}.Debug|Any CPU.ActiveCfg = Debug|Any CPU
		{ABBDDB2B-316B-4769-99B4-542E9C748943}.Debug|Any CPU.Build.0 = Debug|Any CPU
		{ABBDDB2B-316B-4769-99B4-542E9C748943}.Release|Any CPU.ActiveCfg = Release|Any CPU
		{ABBDDB2B-316B-4769-99B4-542E9C748943}.Release|Any CPU.Build.0 = Release|Any CPU
		{F310265A-E316-4865-9EA4-54105CEA8B61}.Debug|Any CPU.ActiveCfg = Debug|Any CPU
		{F310265A-E316-4865-9EA4-54105CEA8B61}.Debug|Any CPU.Build.0 = Debug|Any CPU
		{F310265A-E316-4865-9EA4-54105CEA8B61}.Release|Any CPU.ActiveCfg = Release|Any CPU
		{F310265A-E316-4865-9EA4-54105CEA8B61}.Release|Any CPU.Build.0 = Release|Any CPU
		{7F4EBDBA-83A8-4CCB-9F05-6F6D341B8783}.Debug|Any CPU.ActiveCfg = Debug|Any CPU
		{7F4EBDBA-83A8-4CCB-9F05-6F6D341B8783}.Debug|Any CPU.Build.0 = Debug|Any CPU
		{7F4EBDBA-83A8-4CCB-9F05-6F6D341B8783}.Release|Any CPU.ActiveCfg = Release|Any CPU
		{7F4EBDBA-83A8-4CCB-9F05-6F6D341B8783}.Release|Any CPU.Build.0 = Release|Any CPU
		{F97FC399-1501-4F0B-91F4-D156F5FC915A}.Debug|Any CPU.ActiveCfg = Debug|Any CPU
		{F97FC399-1501-4F0B-91F4-D156F5FC915A}.Debug|Any CPU.Build.0 = Debug|Any CPU
		{F97FC399-1501-4F0B-91F4-D156F5FC915A}.Release|Any CPU.ActiveCfg = Release|Any CPU
		{F97FC399-1501-4F0B-91F4-D156F5FC915A}.Release|Any CPU.Build.0 = Release|Any CPU
	EndGlobalSection
	GlobalSection(NestedProjects) = preSolution
		{4A0C3642-319C-4FED-ABD4-89C19D47B23F} = {2A9F5DB1-34E2-454E-B2B2-38412DE86BE8}
		{ABBDDB2B-316B-4769-99B4-542E9C748943} = {2A9F5DB1-34E2-454E-B2B2-38412DE86BE8}
		{F310265A-E316-4865-9EA4-54105CEA8B61} = {2A9F5DB1-34E2-454E-B2B2-38412DE86BE8}
		{7F4EBDBA-83A8-4CCB-9F05-6F6D341B8783} = {2A9F5DB1-34E2-454E-B2B2-38412DE86BE8}
	EndGlobalSection
EndGlobal
