
Microsoft Visual Studio Solution File, Format Version 12.00
# Visual Studio Version 17
VisualStudioVersion = 17.0.31903.59
MinimumVisualStudioVersion = 10.0.40219.1
Project("{2150E333-8FDC-42A3-9474-1A3956D46DE8}") = "shared", "shared", "{8535B67C-28E1-4E95-908A-7D5E510FBBF2}"
EndProject
Project("{FAE04EC0-301F-11D3-BF4B-00C04F79EFBC}") = "Bamboo.Shared.Common", "..\shared\common\Bamboo.Shared.Common\Bamboo.Shared.Common.csproj", "{7BB6DE64-57DA-4042-84C4-CD8F46887AE4}"
EndProject
Project("{FAE04EC0-301F-11D3-BF4B-00C04F79EFBC}") = "Bamboo.Admin.Domain.Shared", "..\shared\admin\Bamboo.Admin.Domain.Shared\Bamboo.Admin.Domain.Shared.csproj", "{E2511428-C202-4DE4-8A00-7A5A21DDE6DC}"
EndProject
Project("{FAE04EC0-301F-11D3-BF4B-00C04F79EFBC}") = "Bamboo.Admin.Application.Contracts", "..\shared\admin\Bamboo.Admin.Application.Contracts\Bamboo.Admin.Application.Contracts.csproj", "{385E3337-653A-4E8E-BC91-63A045C11315}"
EndProject
Project("{FAE04EC0-301F-11D3-BF4B-00C04F79EFBC}") = "Bamboo.Admin.HttpApi.Client", "..\shared\admin\Bamboo.Admin.HttpApi.Client\Bamboo.Admin.HttpApi.Client.csproj", "{8EB9BC51-0910-4BA8-B630-7D2890A51A2C}"
EndProject
Project("{FAE04EC0-301F-11D3-BF4B-00C04F79EFBC}") = "Bamboo.Blazor.Client", "Bamboo.Blazor.Client\Bamboo.Blazor.Client.csproj", "{53BD13A6-D5D9-4E09-AA66-7BA81ABE1DF0}"
EndProject
Project("{FAE04EC0-301F-11D3-BF4B-00C04F79EFBC}") = "Bamboo.BlazorWasm", "Bamboo.BlazorWasm\Bamboo.BlazorWasm.csproj", "{D1E8A9F6-3E37-4031-933C-5A3FB9958813}"
EndProject
Project("{FAE04EC0-301F-11D3-BF4B-00C04F79EFBC}") = "Bamboo.BlazorWebApp", "Bamboo.BlazorWebApp\Bamboo.BlazorWebApp.csproj", "{5B3BE768-EFD7-476E-998A-27B5E90A7FDE}"
EndProject
Project("{FAE04EC0-301F-11D3-BF4B-00C04F79EFBC}") = "Bamboo.BlazorServer", "Bamboo.BlazorServer\Bamboo.BlazorServer.csproj", "{D332A958-D5C2-4BED-B46D-A83FDD2D391B}"
EndProject
Global
	GlobalSection(SolutionConfigurationPlatforms) = preSolution
		Debug|Any CPU = Debug|Any CPU
		Release|Any CPU = Release|Any CPU
	EndGlobalSection
	GlobalSection(SolutionProperties) = preSolution
		HideSolutionNode = FALSE
	EndGlobalSection
	GlobalSection(ProjectConfigurationPlatforms) = postSolution
		{7BB6DE64-57DA-4042-84C4-CD8F46887AE4}.Debug|Any CPU.ActiveCfg = Debug|Any CPU
		{7BB6DE64-57DA-4042-84C4-CD8F46887AE4}.Debug|Any CPU.Build.0 = Debug|Any CPU
		{7BB6DE64-57DA-4042-84C4-CD8F46887AE4}.Release|Any CPU.ActiveCfg = Release|Any CPU
		{7BB6DE64-57DA-4042-84C4-CD8F46887AE4}.Release|Any CPU.Build.0 = Release|Any CPU
		{E2511428-C202-4DE4-8A00-7A5A21DDE6DC}.Debug|Any CPU.ActiveCfg = Debug|Any CPU
		{E2511428-C202-4DE4-8A00-7A5A21DDE6DC}.Debug|Any CPU.Build.0 = Debug|Any CPU
		{E2511428-C202-4DE4-8A00-7A5A21DDE6DC}.Release|Any CPU.ActiveCfg = Release|Any CPU
		{E2511428-C202-4DE4-8A00-7A5A21DDE6DC}.Release|Any CPU.Build.0 = Release|Any CPU
		{385E3337-653A-4E8E-BC91-63A045C11315}.Debug|Any CPU.ActiveCfg = Debug|Any CPU
		{385E3337-653A-4E8E-BC91-63A045C11315}.Debug|Any CPU.Build.0 = Debug|Any CPU
		{385E3337-653A-4E8E-BC91-63A045C11315}.Release|Any CPU.ActiveCfg = Release|Any CPU
		{385E3337-653A-4E8E-BC91-63A045C11315}.Release|Any CPU.Build.0 = Release|Any CPU
		{8EB9BC51-0910-4BA8-B630-7D2890A51A2C}.Debug|Any CPU.ActiveCfg = Debug|Any CPU
		{8EB9BC51-0910-4BA8-B630-7D2890A51A2C}.Debug|Any CPU.Build.0 = Debug|Any CPU
		{8EB9BC51-0910-4BA8-B630-7D2890A51A2C}.Release|Any CPU.ActiveCfg = Release|Any CPU
		{8EB9BC51-0910-4BA8-B630-7D2890A51A2C}.Release|Any CPU.Build.0 = Release|Any CPU
		{53BD13A6-D5D9-4E09-AA66-7BA81ABE1DF0}.Debug|Any CPU.ActiveCfg = Debug|Any CPU
		{53BD13A6-D5D9-4E09-AA66-7BA81ABE1DF0}.Debug|Any CPU.Build.0 = Debug|Any CPU
		{53BD13A6-D5D9-4E09-AA66-7BA81ABE1DF0}.Release|Any CPU.ActiveCfg = Release|Any CPU
		{53BD13A6-D5D9-4E09-AA66-7BA81ABE1DF0}.Release|Any CPU.Build.0 = Release|Any CPU
		{D1E8A9F6-3E37-4031-933C-5A3FB9958813}.Debug|Any CPU.ActiveCfg = Debug|Any CPU
		{D1E8A9F6-3E37-4031-933C-5A3FB9958813}.Debug|Any CPU.Build.0 = Debug|Any CPU
		{D1E8A9F6-3E37-4031-933C-5A3FB9958813}.Release|Any CPU.ActiveCfg = Release|Any CPU
		{D1E8A9F6-3E37-4031-933C-5A3FB9958813}.Release|Any CPU.Build.0 = Release|Any CPU
		{5B3BE768-EFD7-476E-998A-27B5E90A7FDE}.Debug|Any CPU.ActiveCfg = Debug|Any CPU
		{5B3BE768-EFD7-476E-998A-27B5E90A7FDE}.Debug|Any CPU.Build.0 = Debug|Any CPU
		{5B3BE768-EFD7-476E-998A-27B5E90A7FDE}.Release|Any CPU.ActiveCfg = Release|Any CPU
		{5B3BE768-EFD7-476E-998A-27B5E90A7FDE}.Release|Any CPU.Build.0 = Release|Any CPU
		{D332A958-D5C2-4BED-B46D-A83FDD2D391B}.Debug|Any CPU.ActiveCfg = Debug|Any CPU
		{D332A958-D5C2-4BED-B46D-A83FDD2D391B}.Debug|Any CPU.Build.0 = Debug|Any CPU
		{D332A958-D5C2-4BED-B46D-A83FDD2D391B}.Release|Any CPU.ActiveCfg = Release|Any CPU
		{D332A958-D5C2-4BED-B46D-A83FDD2D391B}.Release|Any CPU.Build.0 = Release|Any CPU
	EndGlobalSection
	GlobalSection(NestedProjects) = preSolution
		{7BB6DE64-57DA-4042-84C4-CD8F46887AE4} = {8535B67C-28E1-4E95-908A-7D5E510FBBF2}
		{E2511428-C202-4DE4-8A00-7A5A21DDE6DC} = {8535B67C-28E1-4E95-908A-7D5E510FBBF2}
		{385E3337-653A-4E8E-BC91-63A045C11315} = {8535B67C-28E1-4E95-908A-7D5E510FBBF2}
		{8EB9BC51-0910-4BA8-B630-7D2890A51A2C} = {8535B67C-28E1-4E95-908A-7D5E510FBBF2}
	EndGlobalSection
EndGlobal
