
Microsoft Visual Studio Solution File, Format Version 12.00
# Visual Studio Version 17
VisualStudioVersion = 17.0.31903.59
MinimumVisualStudioVersion = 10.0.40219.1
Project("{2150E333-8FDC-42A3-9474-1A3956D46DE8}") = "shared", "shared", "{1B21F183-6C63-4406-BEFD-8824536898E9}"
EndProject
Project("{FAE04EC0-301F-11D3-BF4B-00C04F79EFBC}") = "Bamboo.Shared.Common", "..\shared\common\Bamboo.Shared.Common\Bamboo.Shared.Common.csproj", "{D874B60D-0ABF-446A-B6CD-51182711362A}"
EndProject
Project("{FAE04EC0-301F-11D3-BF4B-00C04F79EFBC}") = "Bamboo.Admin.Domain.Shared", "..\shared\admin\Bamboo.Admin.Domain.Shared\Bamboo.Admin.Domain.Shared.csproj", "{DD6A83E0-2B5E-46FC-AC35-3A9FF00E3194}"
EndProject
Project("{FAE04EC0-301F-11D3-BF4B-00C04F79EFBC}") = "Bamboo.Admin.Application.Contracts", "..\shared\admin\Bamboo.Admin.Application.Contracts\Bamboo.Admin.Application.Contracts.csproj", "{1E74CFDF-EE6B-4BC0-BB2B-E8BD211D231E}"
EndProject
Project("{FAE04EC0-301F-11D3-BF4B-00C04F79EFBC}") = "Bamboo.Admin.HttpApi.Client", "..\shared\admin\Bamboo.Admin.HttpApi.Client\Bamboo.Admin.HttpApi.Client.csproj", "{35E562A3-7318-4E61-ADBE-18394C42B2ED}"
EndProject
Project("{FAE04EC0-301F-11D3-BF4B-00C04F79EFBC}") = "Bamboo.Web", "Bamboo.Web\Bamboo.Web.csproj", "{6285AD72-E2F7-4D2F-A5F3-93F9476B38E0}"
EndProject
Global
	GlobalSection(SolutionConfigurationPlatforms) = preSolution
		Debug|Any CPU = Debug|Any CPU
		Release|Any CPU = Release|Any CPU
	EndGlobalSection
	GlobalSection(SolutionProperties) = preSolution
		HideSolutionNode = FALSE
	EndGlobalSection
	GlobalSection(ProjectConfigurationPlatforms) = postSolution
		{D874B60D-0ABF-446A-B6CD-51182711362A}.Debug|Any CPU.ActiveCfg = Debug|Any CPU
		{D874B60D-0ABF-446A-B6CD-51182711362A}.Debug|Any CPU.Build.0 = Debug|Any CPU
		{D874B60D-0ABF-446A-B6CD-51182711362A}.Release|Any CPU.ActiveCfg = Release|Any CPU
		{D874B60D-0ABF-446A-B6CD-51182711362A}.Release|Any CPU.Build.0 = Release|Any CPU
		{DD6A83E0-2B5E-46FC-AC35-3A9FF00E3194}.Debug|Any CPU.ActiveCfg = Debug|Any CPU
		{DD6A83E0-2B5E-46FC-AC35-3A9FF00E3194}.Debug|Any CPU.Build.0 = Debug|Any CPU
		{DD6A83E0-2B5E-46FC-AC35-3A9FF00E3194}.Release|Any CPU.ActiveCfg = Release|Any CPU
		{DD6A83E0-2B5E-46FC-AC35-3A9FF00E3194}.Release|Any CPU.Build.0 = Release|Any CPU
		{1E74CFDF-EE6B-4BC0-BB2B-E8BD211D231E}.Debug|Any CPU.ActiveCfg = Debug|Any CPU
		{1E74CFDF-EE6B-4BC0-BB2B-E8BD211D231E}.Debug|Any CPU.Build.0 = Debug|Any CPU
		{1E74CFDF-EE6B-4BC0-BB2B-E8BD211D231E}.Release|Any CPU.ActiveCfg = Release|Any CPU
		{1E74CFDF-EE6B-4BC0-BB2B-E8BD211D231E}.Release|Any CPU.Build.0 = Release|Any CPU
		{35E562A3-7318-4E61-ADBE-18394C42B2ED}.Debug|Any CPU.ActiveCfg = Debug|Any CPU
		{35E562A3-7318-4E61-ADBE-18394C42B2ED}.Debug|Any CPU.Build.0 = Debug|Any CPU
		{35E562A3-7318-4E61-ADBE-18394C42B2ED}.Release|Any CPU.ActiveCfg = Release|Any CPU
		{35E562A3-7318-4E61-ADBE-18394C42B2ED}.Release|Any CPU.Build.0 = Release|Any CPU
		{6285AD72-E2F7-4D2F-A5F3-93F9476B38E0}.Debug|Any CPU.ActiveCfg = Debug|Any CPU
		{6285AD72-E2F7-4D2F-A5F3-93F9476B38E0}.Debug|Any CPU.Build.0 = Debug|Any CPU
		{6285AD72-E2F7-4D2F-A5F3-93F9476B38E0}.Release|Any CPU.ActiveCfg = Release|Any CPU
		{6285AD72-E2F7-4D2F-A5F3-93F9476B38E0}.Release|Any CPU.Build.0 = Release|Any CPU
	EndGlobalSection
	GlobalSection(NestedProjects) = preSolution
		{D874B60D-0ABF-446A-B6CD-51182711362A} = {1B21F183-6C63-4406-BEFD-8824536898E9}
		{DD6A83E0-2B5E-46FC-AC35-3A9FF00E3194} = {1B21F183-6C63-4406-BEFD-8824536898E9}
		{1E74CFDF-EE6B-4BC0-BB2B-E8BD211D231E} = {1B21F183-6C63-4406-BEFD-8824536898E9}
		{35E562A3-7318-4E61-ADBE-18394C42B2ED} = {1B21F183-6C63-4406-BEFD-8824536898E9}
	EndGlobalSection
EndGlobal
